// !$*UTF8*$!
{
	archiveVersion = 1;
	classes = {
	};
	objectVersion = 48;
	objects = {

/* Begin PBXBuildFile section */
		3046317E1FFD29FD006C21A5 /* AppDelegate.swift in Sources */ = {isa = PBXBuildFile; fileRef = 3046317D1FFD29FD006C21A5 /* AppDelegate.swift */; };
		304631801FFD29FD006C21A5 /* ViewController.swift in Sources */ = {isa = PBXBuildFile; fileRef = 3046317F1FFD29FD006C21A5 /* ViewController.swift */; };
		304631831FFD29FD006C21A5 /* Main.storyboard in Resources */ = {isa = PBXBuildFile; fileRef = 304631811FFD29FD006C21A5 /* Main.storyboard */; };
		304631851FFD29FD006C21A5 /* Assets.xcassets in Resources */ = {isa = PBXBuildFile; fileRef = 304631841FFD29FD006C21A5 /* Assets.xcassets */; };
		304631881FFD29FD006C21A5 /* LaunchScreen.storyboard in Resources */ = {isa = PBXBuildFile; fileRef = 304631861FFD29FD006C21A5 /* LaunchScreen.storyboard */; };
		304631931FFD29FD006C21A5 /* XylophoneTests.swift in Sources */ = {isa = PBXBuildFile; fileRef = 304631921FFD29FD006C21A5 /* XylophoneTests.swift */; };
		3046319E1FFD29FD006C21A5 /* XylophoneUITests.swift in Sources */ = {isa = PBXBuildFile; fileRef = 3046319D1FFD29FD006C21A5 /* XylophoneUITests.swift */; };
		304631B21FFD333F006C21A5 /* note1.wav in Resources */ = {isa = PBXBuildFile; fileRef = 304631AB1FFD333E006C21A5 /* note1.wav */; };
		304631B31FFD333F006C21A5 /* note3.wav in Resources */ = {isa = PBXBuildFile; fileRef = 304631AC1FFD333E006C21A5 /* note3.wav */; };
		304631B41FFD333F006C21A5 /* note4.wav in Resources */ = {isa = PBXBuildFile; fileRef = 304631AD1FFD333E006C21A5 /* note4.wav */; };
		304631B51FFD333F006C21A5 /* note6.wav in Resources */ = {isa = PBXBuildFile; fileRef = 304631AE1FFD333F006C21A5 /* note6.wav */; };
		304631B61FFD333F006C21A5 /* note2.wav in Resources */ = {isa = PBXBuildFile; fileRef = 304631AF1FFD333F006C21A5 /* note2.wav */; };
		304631B71FFD333F006C21A5 /* note5.wav in Resources */ = {isa = PBXBuildFile; fileRef = 304631B01FFD333F006C21A5 /* note5.wav */; };
		304631B81FFD333F006C21A5 /* note7.wav in Resources */ = {isa = PBXBuildFile; fileRef = 304631B11FFD333F006C21A5 /* note7.wav */; };
/* End PBXBuildFile section */

/* Begin PBXContainerItemProxy section */
		3046318F1FFD29FD006C21A5 /* PBXContainerItemProxy */ = {
			isa = PBXContainerItemProxy;
			containerPortal = 304631721FFD29FD006C21A5 /* Project object */;
			proxyType = 1;
			remoteGlobalIDString = 304631791FFD29FD006C21A5;
			remoteInfo = Xylophone;
		};
		3046319A1FFD29FD006C21A5 /* PBXContainerItemProxy */ = {
			isa = PBXContainerItemProxy;
			containerPortal = 304631721FFD29FD006C21A5 /* Project object */;
			proxyType = 1;
			remoteGlobalIDString = 304631791FFD29FD006C21A5;
			remoteInfo = Xylophone;
		};
/* End PBXContainerItemProxy section */

/* Begin PBXFileReference section */
		3046317A1FFD29FD006C21A5 /* Xylophone.app */ = {isa = PBXFileReference; explicitFileType = wrapper.application; includeInIndex = 0; path = Xylophone.app; sourceTree = BUILT_PRODUCTS_DIR; };
		3046317D1FFD29FD006C21A5 /* AppDelegate.swift */ = {isa = PBXFileReference; lastKnownFileType = sourcecode.swift; path = AppDelegate.swift; sourceTree = "<group>"; };
		3046317F1FFD29FD006C21A5 /* ViewController.swift */ = {isa = PBXFileReference; lastKnownFileType = sourcecode.swift; path = ViewController.swift; sourceTree = "<group>"; };
		304631821FFD29FD006C21A5 /* Base */ = {isa = PBXFileReference; lastKnownFileType = file.storyboard; name = Base; path = Base.lproj/Main.storyboard; sourceTree = "<group>"; };
		304631841FFD29FD006C21A5 /* Assets.xcassets */ = {isa = PBXFileReference; lastKnownFileType = folder.assetcatalog; path = Assets.xcassets; sourceTree = "<group>"; };
		304631871FFD29FD006C21A5 /* Base */ = {isa = PBXFileReference; lastKnownFileType = file.storyboard; name = Base; path = Base.lproj/LaunchScreen.storyboard; sourceTree = "<group>"; };
		304631891FFD29FD006C21A5 /* Info.plist */ = {isa = PBXFileReference; lastKnownFileType = text.plist.xml; path = Info.plist; sourceTree = "<group>"; };
		3046318E1FFD29FD006C21A5 /* XylophoneTests.xctest */ = {isa = PBXFileReference; explicitFileType = wrapper.cfbundle; includeInIndex = 0; path = XylophoneTests.xctest; sourceTree = BUILT_PRODUCTS_DIR; };
		304631921FFD29FD006C21A5 /* XylophoneTests.swift */ = {isa = PBXFileReference; lastKnownFileType = sourcecode.swift; path = XylophoneTests.swift; sourceTree = "<group>"; };
		304631941FFD29FD006C21A5 /* Info.plist */ = {isa = PBXFileReference; lastKnownFileType = text.plist.xml; path = Info.plist; sourceTree = "<group>"; };
		304631991FFD29FD006C21A5 /* XylophoneUITests.xctest */ = {isa = PBXFileReference; explicitFileType = wrapper.cfbundle; includeInIndex = 0; path = XylophoneUITests.xctest; sourceTree = BUILT_PRODUCTS_DIR; };
		3046319D1FFD29FD006C21A5 /* XylophoneUITests.swift */ = {isa = PBXFileReference; lastKnownFileType = sourcecode.swift; path = XylophoneUITests.swift; sourceTree = "<group>"; };
		3046319F1FFD29FD006C21A5 /* Info.plist */ = {isa = PBXFileReference; lastKnownFileType = text.plist.xml; path = Info.plist; sourceTree = "<group>"; };
		304631AB1FFD333E006C21A5 /* note1.wav */ = {isa = PBXFileReference; lastKnownFileType = audio.wav; path = note1.wav; sourceTree = "<group>"; };
		304631AC1FFD333E006C21A5 /* note3.wav */ = {isa = PBXFileReference; lastKnownFileType = audio.wav; path = note3.wav; sourceTree = "<group>"; };
		304631AD1FFD333E006C21A5 /* note4.wav */ = {isa = PBXFileReference; lastKnownFileType = audio.wav; path = note4.wav; sourceTree = "<group>"; };
		304631AE1FFD333F006C21A5 /* note6.wav */ = {isa = PBXFileReference; lastKnownFileType = audio.wav; path = note6.wav; sourceTree = "<group>"; };
		304631AF1FFD333F006C21A5 /* note2.wav */ = {isa = PBXFileReference; lastKnownFileType = audio.wav; path = note2.wav; sourceTree = "<group>"; };
		304631B01FFD333F006C21A5 /* note5.wav */ = {isa = PBXFileReference; lastKnownFileType = audio.wav; path = note5.wav; sourceTree = "<group>"; };
		304631B11FFD333F006C21A5 /* note7.wav */ = {isa = PBXFileReference; lastKnownFileType = audio.wav; path = note7.wav; sourceTree = "<group>"; };
/* End PBXFileReference section */

/* Begin PBXFrameworksBuildPhase section */
		304631771FFD29FD006C21A5 /* Frameworks */ = {
			isa = PBXFrameworksBuildPhase;
			buildActionMask = 2147483647;
			files = (
			);
			runOnlyForDeploymentPostprocessing = 0;
		};
		3046318B1FFD29FD006C21A5 /* Frameworks */ = {
			isa = PBXFrameworksBuildPhase;
			buildActionMask = 2147483647;
			files = (
			);
			runOnlyForDeploymentPostprocessing = 0;
		};
		304631961FFD29FD006C21A5 /* Frameworks */ = {
			isa = PBXFrameworksBuildPhase;
			buildActionMask = 2147483647;
			files = (
			);
			runOnlyForDeploymentPostprocessing = 0;
		};
/* End PBXFrameworksBuildPhase section */

/* Begin PBXGroup section */
		304631711FFD29FD006C21A5 = {
			isa = PBXGroup;
			children = (
				3046317C1FFD29FD006C21A5 /* Xylophone */,
				304631911FFD29FD006C21A5 /* XylophoneTests */,
				3046319C1FFD29FD006C21A5 /* XylophoneUITests */,
				3046317B1FFD29FD006C21A5 /* Products */,
			);
			sourceTree = "<group>";
		};
		3046317B1FFD29FD006C21A5 /* Products */ = {
			isa = PBXGroup;
			children = (
				3046317A1FFD29FD006C21A5 /* Xylophone.app */,
				3046318E1FFD29FD006C21A5 /* XylophoneTests.xctest */,
				304631991FFD29FD006C21A5 /* XylophoneUITests.xctest */,
			);
			name = Products;
			sourceTree = "<group>";
		};
		3046317C1FFD29FD006C21A5 /* Xylophone */ = {
			isa = PBXGroup;
			children = (
				304631AF1FFD333F006C21A5 /* note2.wav */,
				304631AB1FFD333E006C21A5 /* note1.wav */,
				304631AC1FFD333E006C21A5 /* note3.wav */,
				304631AD1FFD333E006C21A5 /* note4.wav */,
				304631B01FFD333F006C21A5 /* note5.wav */,
				304631AE1FFD333F006C21A5 /* note6.wav */,
				304631B11FFD333F006C21A5 /* note7.wav */,
				3046317D1FFD29FD006C21A5 /* AppDelegate.swift */,
				3046317F1FFD29FD006C21A5 /* ViewController.swift */,
				304631811FFD29FD006C21A5 /* Main.storyboard */,
				304631841FFD29FD006C21A5 /* Assets.xcassets */,
				304631861FFD29FD006C21A5 /* LaunchScreen.storyboard */,
				304631891FFD29FD006C21A5 /* Info.plist */,
			);
			path = Xylophone;
			sourceTree = "<group>";
		};
		304631911FFD29FD006C21A5 /* XylophoneTests */ = {
			isa = PBXGroup;
			children = (
				304631921FFD29FD006C21A5 /* XylophoneTests.swift */,
				304631941FFD29FD006C21A5 /* Info.plist */,
			);
			path = XylophoneTests;
			sourceTree = "<group>";
		};
		3046319C1FFD29FD006C21A5 /* XylophoneUITests */ = {
			isa = PBXGroup;
			children = (
				3046319D1FFD29FD006C21A5 /* XylophoneUITests.swift */,
				3046319F1FFD29FD006C21A5 /* Info.plist */,
			);
			path = XylophoneUITests;
			sourceTree = "<group>";
		};
/* End PBXGroup section */

/* Begin PBXNativeTarget section */
		304631791FFD29FD006C21A5 /* Xylophone */ = {
			isa = PBXNativeTarget;
			buildConfigurationList = 304631A21FFD29FD006C21A5 /* Build configuration list for PBXNativeTarget "Xylophone" */;
			buildPhases = (
				304631761FFD29FD006C21A5 /* Sources */,
				304631771FFD29FD006C21A5 /* Frameworks */,
				304631781FFD29FD006C21A5 /* Resources */,
			);
			buildRules = (
			);
			dependencies = (
			);
			name = Xylophone;
			productName = Xylophone;
			productReference = 3046317A1FFD29FD006C21A5 /* Xylophone.app */;
			productType = "com.apple.product-type.application";
		};
		3046318D1FFD29FD006C21A5 /* XylophoneTests */ = {
			isa = PBXNativeTarget;
			buildConfigurationList = 304631A51FFD29FD006C21A5 /* Build configuration list for PBXNativeTarget "XylophoneTests" */;
			buildPhases = (
				3046318A1FFD29FD006C21A5 /* Sources */,
				3046318B1FFD29FD006C21A5 /* Frameworks */,
				3046318C1FFD29FD006C21A5 /* Resources */,
			);
			buildRules = (
			);
			dependencies = (
				304631901FFD29FD006C21A5 /* PBXTargetDependency */,
			);
			name = XylophoneTests;
			productName = XylophoneTests;
			productReference = 3046318E1FFD29FD006C21A5 /* XylophoneTests.xctest */;
			productType = "com.apple.product-type.bundle.unit-test";
		};
		304631981FFD29FD006C21A5 /* XylophoneUITests */ = {
			isa = PBXNativeTarget;
			buildConfigurationList = 304631A81FFD29FD006C21A5 /* Build configuration list for PBXNativeTarget "XylophoneUITests" */;
			buildPhases = (
				304631951FFD29FD006C21A5 /* Sources */,
				304631961FFD29FD006C21A5 /* Frameworks */,
				304631971FFD29FD006C21A5 /* Resources */,
			);
			buildRules = (
			);
			dependencies = (
				3046319B1FFD29FD006C21A5 /* PBXTargetDependency */,
			);
			name = XylophoneUITests;
			productName = XylophoneUITests;
			productReference = 304631991FFD29FD006C21A5 /* XylophoneUITests.xctest */;
			productType = "com.apple.product-type.bundle.ui-testing";
		};
/* End PBXNativeTarget section */

/* Begin PBXProject section */
		304631721FFD29FD006C21A5 /* Project object */ = {
			isa = PBXProject;
			attributes = {
				LastSwiftUpdateCheck = 0910;
				LastUpgradeCheck = 0910;
				ORGANIZATIONNAME = "Wan Ching";
				TargetAttributes = {
					304631791FFD29FD006C21A5 = {
						CreatedOnToolsVersion = 9.1;
						ProvisioningStyle = Automatic;
					};
					3046318D1FFD29FD006C21A5 = {
						CreatedOnToolsVersion = 9.1;
						ProvisioningStyle = Automatic;
						TestTargetID = 304631791FFD29FD006C21A5;
					};
					304631981FFD29FD006C21A5 = {
						CreatedOnToolsVersion = 9.1;
						ProvisioningStyle = Automatic;
						TestTargetID = 304631791FFD29FD006C21A5;
					};
				};
			};
			buildConfigurationList = 304631751FFD29FD006C21A5 /* Build configuration list for PBXProject "Xylophone" */;
			compatibilityVersion = "Xcode 8.0";
			developmentRegion = en;
			hasScannedForEncodings = 0;
			knownRegions = (
				en,
				Base,
			);
			mainGroup = 304631711FFD29FD006C21A5;
			productRefGroup = 3046317B1FFD29FD006C21A5 /* Products */;
			projectDirPath = "";
			projectRoot = "";
			targets = (
				304631791FFD29FD006C21A5 /* Xylophone */,
				3046318D1FFD29FD006C21A5 /* XylophoneTests */,
				304631981FFD29FD006C21A5 /* XylophoneUITests */,
			);
		};
/* End PBXProject section */

/* Begin PBXResourcesBuildPhase section */
		304631781FFD29FD006C21A5 /* Resources */ = {
			isa = PBXResourcesBuildPhase;
			buildActionMask = 2147483647;
			files = (
				304631B71FFD333F006C21A5 /* note5.wav in Resources */,
				304631B21FFD333F006C21A5 /* note1.wav in Resources */,
				304631881FFD29FD006C21A5 /* LaunchScreen.storyboard in Resources */,
				304631851FFD29FD006C21A5 /* Assets.xcassets in Resources */,
				304631B51FFD333F006C21A5 /* note6.wav in Resources */,
				304631B41FFD333F006C21A5 /* note4.wav in Resources */,
				304631B81FFD333F006C21A5 /* note7.wav in Resources */,
				304631B61FFD333F006C21A5 /* note2.wav in Resources */,
				304631831FFD29FD006C21A5 /* Main.storyboard in Resources */,
				304631B31FFD333F006C21A5 /* note3.wav in Resources */,
			);
			runOnlyForDeploymentPostprocessing = 0;
		};
		3046318C1FFD29FD006C21A5 /* Resources */ = {
			isa = PBXResourcesBuildPhase;
			buildActionMask = 2147483647;
			files = (
			);
			runOnlyForDeploymentPostprocessing = 0;
		};
		304631971FFD29FD006C21A5 /* Resources */ = {
			isa = PBXResourcesBuildPhase;
			buildActionMask = 2147483647;
			files = (
			);
			runOnlyForDeploymentPostprocessing = 0;
		};
/* End PBXResourcesBuildPhase section */

/* Begin PBXSourcesBuildPhase section */
		304631761FFD29FD006C21A5 /* Sources */ = {
			isa = PBXSourcesBuildPhase;
			buildActionMask = 2147483647;
			files = (
				304631801FFD29FD006C21A5 /* ViewController.swift in Sources */,
				3046317E1FFD29FD006C21A5 /* AppDelegate.swift in Sources */,
			);
			runOnlyForDeploymentPostprocessing = 0;
		};
		3046318A1FFD29FD006C21A5 /* Sources */ = {
			isa = PBXSourcesBuildPhase;
			buildActionMask = 2147483647;
			files = (
				304631931FFD29FD006C21A5 /* XylophoneTests.swift in Sources */,
			);
			runOnlyForDeploymentPostprocessing = 0;
		};
		304631951FFD29FD006C21A5 /* Sources */ = {
			isa = PBXSourcesBuildPhase;
			buildActionMask = 2147483647;
			files = (
				3046319E1FFD29FD006C21A5 /* XylophoneUITests.swift in Sources */,
			);
			runOnlyForDeploymentPostprocessing = 0;
		};
/* End PBXSourcesBuildPhase section */

/* Begin PBXTargetDependency section */
		304631901FFD29FD006C21A5 /* PBXTargetDependency */ = {
			isa = PBXTargetDependency;
			target = 304631791FFD29FD006C21A5 /* Xylophone */;
			targetProxy = 3046318F1FFD29FD006C21A5 /* PBXContainerItemProxy */;
		};
		3046319B1FFD29FD006C21A5 /* PBXTargetDependency */ = {
			isa = PBXTargetDependency;
			target = 304631791FFD29FD006C21A5 /* Xylophone */;
			targetProxy = 3046319A1FFD29FD006C21A5 /* PBXContainerItemProxy */;
		};
/* End PBXTargetDependency section */

/* Begin PBXVariantGroup section */
		304631811FFD29FD006C21A5 /* Main.storyboard */ = {
			isa = PBXVariantGroup;
			children = (
				304631821FFD29FD006C21A5 /* Base */,
			);
			name = Main.storyboard;
			sourceTree = "<group>";
		};
		304631861FFD29FD006C21A5 /* LaunchScreen.storyboard */ = {
			isa = PBXVariantGroup;
			children = (
				304631871FFD29FD006C21A5 /* Base */,
			);
			name = LaunchScreen.storyboard;
			sourceTree = "<group>";
		};
/* End PBXVariantGroup section */

/* Begin XCBuildConfiguration section */
		304631A01FFD29FD006C21A5 /* Debug */ = {
			isa = XCBuildConfiguration;
			buildSettings = {
				ALWAYS_SEARCH_USER_PATHS = NO;
				CLANG_ANALYZER_NONNULL = YES;
				CLANG_ANALYZER_NUMBER_OBJECT_CONVERSION = YES_AGGRESSIVE;
				CLANG_CXX_LANGUAGE_STANDARD = "gnu++14";
				CLANG_CXX_LIBRARY = "libc++";
				CLANG_ENABLE_MODULES = YES;
				CLANG_ENABLE_OBJC_ARC = YES;
				CLANG_WARN_BLOCK_CAPTURE_AUTORELEASING = YES;
				CLANG_WARN_BOOL_CONVERSION = YES;
				CLANG_WARN_COMMA = YES;
				CLANG_WARN_CONSTANT_CONVERSION = YES;
				CLANG_WARN_DIRECT_OBJC_ISA_USAGE = YES_ERROR;
				CLANG_WARN_DOCUMENTATION_COMMENTS = YES;
				CLANG_WARN_EMPTY_BODY = YES;
				CLANG_WARN_ENUM_CONVERSION = YES;
				CLANG_WARN_INFINITE_RECURSION = YES;
				CLANG_WARN_INT_CONVERSION = YES;
				CLANG_WARN_NON_LITERAL_NULL_CONVERSION = YES;
				CLANG_WARN_OBJC_LITERAL_CONVERSION = YES;
				CLANG_WARN_OBJC_ROOT_CLASS = YES_ERROR;
				CLANG_WARN_RANGE_LOOP_ANALYSIS = YES;
				CLANG_WARN_STRICT_PROTOTYPES = YES;
				CLANG_WARN_SUSPICIOUS_MOVE = YES;
				CLANG_WARN_UNGUARDED_AVAILABILITY = YES_AGGRESSIVE;
				CLANG_WARN_UNREACHABLE_CODE = YES;
				CLANG_WARN__DUPLICATE_METHOD_MATCH = YES;
				CODE_SIGN_IDENTITY = "iPhone Developer";
				COPY_PHASE_STRIP = NO;
				DEBUG_INFORMATION_FORMAT = dwarf;
				ENABLE_STRICT_OBJC_MSGSEND = YES;
				ENABLE_TESTABILITY = YES;
				GCC_C_LANGUAGE_STANDARD = gnu11;
				GCC_DYNAMIC_NO_PIC = NO;
				GCC_NO_COMMON_BLOCKS = YES;
				GCC_OPTIMIZATION_LEVEL = 0;
				GCC_PREPROCESSOR_DEFINITIONS = (
					"DEBUG=1",
					"$(inherited)",
				);
				GCC_WARN_64_TO_32_BIT_CONVERSION = YES;
				GCC_WARN_ABOUT_RETURN_TYPE = YES_ERROR;
				GCC_WARN_UNDECLARED_SELECTOR = YES;
				GCC_WARN_UNINITIALIZED_AUTOS = YES_AGGRESSIVE;
				GCC_WARN_UNUSED_FUNCTION = YES;
				GCC_WARN_UNUSED_VARIABLE = YES;
				IPHONEOS_DEPLOYMENT_TARGET = 11.1;
				MTL_ENABLE_DEBUG_INFO = YES;
				ONLY_ACTIVE_ARCH = YES;
				SDKROOT = iphoneos;
				SWIFT_ACTIVE_COMPILATION_CONDITIONS = DEBUG;
				SWIFT_OPTIMIZATION_LEVEL = "-Onone";
			};
			name = Debug;
		};
		304631A11FFD29FD006C21A5 /* Release */ = {
			isa = XCBuildConfiguration;
			buildSettings = {
				ALWAYS_SEARCH_USER_PATHS = NO;
				CLANG_ANALYZER_NONNULL = YES;
				CLANG_ANALYZER_NUMBER_OBJECT_CONVERSION = YES_AGGRESSIVE;
				CLANG_CXX_LANGUAGE_STANDARD = "gnu++14";
				CLANG_CXX_LIBRARY = "libc++";
				CLANG_ENABLE_MODULES = YES;
				CLANG_ENABLE_OBJC_ARC = YES;
				CLANG_WARN_BLOCK_CAPTURE_AUTORELEASING = YES;
				CLANG_WARN_BOOL_CONVERSION = YES;
				CLANG_WARN_COMMA = YES;
				CLANG_WARN_CONSTANT_CONVERSION = YES;
				CLANG_WARN_DIRECT_OBJC_ISA_USAGE = YES_ERROR;
				CLANG_WARN_DOCUMENTATION_COMMENTS = YES;
				CLANG_WARN_EMPTY_BODY = YES;
				CLANG_WARN_ENUM_CONVERSION = YES;
				CLANG_WARN_INFINITE_RECURSION = YES;
				CLANG_WARN_INT_CONVERSION = YES;
				CLANG_WARN_NON_LITERAL_NULL_CONVERSION = YES;
				CLANG_WARN_OBJC_LITERAL_CONVERSION = YES;
				CLANG_WARN_OBJC_ROOT_CLASS = YES_ERROR;
				CLANG_WARN_RANGE_LOOP_ANALYSIS = YES;
				CLANG_WARN_STRICT_PROTOTYPES = YES;
				CLANG_WARN_SUSPICIOUS_MOVE = YES;
				CLANG_WARN_UNGUARDED_AVAILABILITY = YES_AGGRESSIVE;
				CLANG_WARN_UNREACHABLE_CODE = YES;
				CLANG_WARN__DUPLICATE_METHOD_MATCH = YES;
				CODE_SIGN_IDENTITY = "iPhone Developer";
				COPY_PHASE_STRIP = NO;
				DEBUG_INFORMATION_FORMAT = "dwarf-with-dsym";
				ENABLE_NS_ASSERTIONS = NO;
				ENABLE_STRICT_OBJC_MSGSEND = YES;
				GCC_C_LANGUAGE_STANDARD = gnu11;
				GCC_NO_COMMON_BLOCKS = YES;
				GCC_WARN_64_TO_32_BIT_CONVERSION = YES;
				GCC_WARN_ABOUT_RETURN_TYPE = YES_ERROR;
				GCC_WARN_UNDECLARED_SELECTOR = YES;
				GCC_WARN_UNINITIALIZED_AUTOS = YES_AGGRESSIVE;
				GCC_WARN_UNUSED_FUNCTION = YES;
				GCC_WARN_UNUSED_VARIABLE = YES;
				IPHONEOS_DEPLOYMENT_TARGET = 11.1;
				MTL_ENABLE_DEBUG_INFO = NO;
				SDKROOT = iphoneos;
				SWIFT_OPTIMIZATION_LEVEL = "-Owholemodule";
				VALIDATE_PRODUCT = YES;
			};
			name = Release;
		};
		304631A31FFD29FD006C21A5 /* Debug */ = {
			isa = XCBuildConfiguration;
			buildSettings = {
				ASSETCATALOG_COMPILER_APPICON_NAME = AppIcon;
				CODE_SIGN_STYLE = Automatic;
				INFOPLIST_FILE = Xylophone/Info.plist;
				LD_RUNPATH_SEARCH_PATHS = "$(inherited) @executable_path/Frameworks";
				PRODUCT_BUNDLE_IDENTIFIER = com.wanching.FirstProject.Xylophone;
				PRODUCT_NAME = "$(TARGET_NAME)";
				SWIFT_VERSION = 4.0;
				TARGETED_DEVICE_FAMILY = "1,2";
			};
			name = Debug;
		};
		304631A41FFD29FD006C21A5 /* Release */ = {
			isa = XCBuildConfiguration;
			buildSettings = {
				ASSETCATALOG_COMPILER_APPICON_NAME = AppIcon;
				CODE_SIGN_STYLE = Automatic;
				INFOPLIST_FILE = Xylophone/Info.plist;
				LD_RUNPATH_SEARCH_PATHS = "$(inherited) @executable_path/Frameworks";
				PRODUCT_BUNDLE_IDENTIFIER = com.wanching.FirstProject.Xylophone;
				PRODUCT_NAME = "$(TARGET_NAME)";
				SWIFT_VERSION = 4.0;
				TARGETED_DEVICE_FAMILY = "1,2";
			};
			name = Release;
		};
		304631A61FFD29FD006C21A5 /* Debug */ = {
			isa = XCBuildConfiguration;
			buildSettings = {
				ALWAYS_EMBED_SWIFT_STANDARD_LIBRARIES = YES;
				BUNDLE_LOADER = "$(TEST_HOST)";
				CODE_SIGN_STYLE = Automatic;
				INFOPLIST_FILE = XylophoneTests/Info.plist;
				LD_RUNPATH_SEARCH_PATHS = "$(inherited) @executable_path/Frameworks @loader_path/Frameworks";
				PRODUCT_BUNDLE_IDENTIFIER = com.wanching.FirstProject.XylophoneTests;
				PRODUCT_NAME = "$(TARGET_NAME)";
				SWIFT_VERSION = 4.0;
				TARGETED_DEVICE_FAMILY = "1,2";
				TEST_HOST = "$(BUILT_PRODUCTS_DIR)/Xylophone.app/Xylophone";
			};
			name = Debug;
		};
		304631A71FFD29FD006C21A5 /* Release */ = {
			isa = XCBuildConfiguration;
			buildSettings = {
				ALWAYS_EMBED_SWIFT_STANDARD_LIBRARIES = YES;
				BUNDLE_LOADER = "$(TEST_HOST)";
				CODE_SIGN_STYLE = Automatic;
				INFOPLIST_FILE = XylophoneTests/Info.plist;
				LD_RUNPATH_SEARCH_PATHS = "$(inherited) @executable_path/Frameworks @loader_path/Frameworks";
				PRODUCT_BUNDLE_IDENTIFIER = com.wanching.FirstProject.XylophoneTests;
				PRODUCT_NAME = "$(TARGET_NAME)";
				SWIFT_VERSION = 4.0;
				TARGETED_DEVICE_FAMILY = "1,2";
				TEST_HOST = "$(BUILT_PRODUCTS_DIR)/Xylophone.app/Xylophone";
			};
			name = Release;
		};
		304631A91FFD29FD006C21A5 /* Debug */ = {
			isa = XCBuildConfiguration;
			buildSettings = {
				ALWAYS_EMBED_SWIFT_STANDARD_LIBRARIES = YES;
				CODE_SIGN_STYLE = Automatic;
				INFOPLIST_FILE = XylophoneUITests/Info.plist;
				LD_RUNPATH_SEARCH_PATHS = "$(inherited) @executable_path/Frameworks @loader_path/Frameworks";
				PRODUCT_BUNDLE_IDENTIFIER = com.wanching.FirstProject.XylophoneUITests;
				PRODUCT_NAME = "$(TARGET_NAME)";
				SWIFT_VERSION = 4.0;
				TARGETED_DEVICE_FAMILY = "1,2";
				TEST_TARGET_NAME = Xylophone;
			};
			name = Debug;
		};
		304631AA1FFD29FD006C21A5 /* Release */ = {
			isa = XCBuildConfiguration;
			buildSettings = {
				ALWAYS_EMBED_SWIFT_STANDARD_LIBRARIES = YES;
				CODE_SIGN_STYLE = Automatic;
				INFOPLIST_FILE = XylophoneUITests/Info.plist;
				LD_RUNPATH_SEARCH_PATHS = "$(inherited) @executable_path/Frameworks @loader_path/Frameworks";
				PRODUCT_BUNDLE_IDENTIFIER = com.wanching.FirstProject.XylophoneUITests;
				PRODUCT_NAME = "$(TARGET_NAME)";
				SWIFT_VERSION = 4.0;
				TARGETED_DEVICE_FAMILY = "1,2";
				TEST_TARGET_NAME = Xylophone;
			};
			name = Release;
		};
/* End XCBuildConfiguration section */

/* Begin XCConfigurationList section */
		304631751FFD29FD006C21A5 /* Build configuration list for PBXProject "Xylophone" */ = {
			isa = XCConfigurationList;
			buildConfigurations = (
				304631A01FFD29FD006C21A5 /* Debug */,
				304631A11FFD29FD006C21A5 /* Release */,
			);
			defaultConfigurationIsVisible = 0;
			defaultConfigurationName = Release;
		};
		304631A21FFD29FD006C21A5 /* Build configuration list for PBXNativeTarget "Xylophone" */ = {
			isa = XCConfigurationList;
			buildConfigurations = (
				304631A31FFD29FD006C21A5 /* Debug */,
				304631A41FFD29FD006C21A5 /* Release */,
			);
			defaultConfigurationIsVisible = 0;
			defaultConfigurationName = Release;
		};
		304631A51FFD29FD006C21A5 /* Build configuration list for PBXNativeTarget "XylophoneTests" */ = {
			isa = XCConfigurationList;
			buildConfigurations = (
				304631A61FFD29FD006C21A5 /* Debug */,
				304631A71FFD29FD006C21A5 /* Release */,
			);
			defaultConfigurationIsVisible = 0;
			defaultConfigurationName = Release;
		};
		304631A81FFD29FD006C21A5 /* Build configuration list for PBXNativeTarget "XylophoneUITests" */ = {
			isa = XCConfigurationList;
			buildConfigurations = (
				304631A91FFD29FD006C21A5 /* Debug */,
				304631AA1FFD29FD006C21A5 /* Release */,
			);
			defaultConfigurationIsVisible = 0;
			defaultConfigurationName = Release;
		};
/* End XCConfigurationList section */
	};
	rootObject = 304631721FFD29FD006C21A5 /* Project object */;
}
